PODS:
  - PagingMenuController (2.2.0)

DEPENDENCIES:
  - PagingMenuController (= 2.2.0)

SPEC REPOS:
  https://github.com/cocoapods/specs.git:
    - PagingMenuController

SPEC CHECKSUMS:
  PagingMenuController: 6176618987bb170096664f2da097313e45ed9c31

PODFILE CHECKSUM: efcaf0f17737f0849566736c179a17fd24592e58

COCOAPODS: 1.5.3
