// !$*UTF8*$!
{
	archiveVersion = 1;
	classes = {
	};
	objectVersion = 50;
	objects = {

/* Begin PBXBuildFile section */
		3BAEB7FD299C256453887375 /* Pods_portal.framework in Frameworks */ = {isa = PBXBuildFile; fileRef = 708E6240566961555B6CF5EF /* Pods_portal.framework */; };
		A41DF96C217EAD7E006EABE9 /* TabBarViewController.swift in Sources */ = {isa = PBXBuildFile; fileRef = A41DF96B217EAD7E006EABE9 /* TabBarViewController.swift */; };
		A41DF97B218046F0006EABE9 /* SettingViewController.swift in Sources */ = {isa = PBXBuildFile; fileRef = A41DF979218046F0006EABE9 /* SettingViewController.swift */; };
		A41DF97C218046F0006EABE9 /* SettingViewController.xib in Resources */ = {isa = PBXBuildFile; fileRef = A41DF97A218046F0006EABE9 /* SettingViewController.xib */; };
		A41DF97F21804EB5006EABE9 /* ProfileTableViewCell.swift in Sources */ = {isa = PBXBuildFile; fileRef = A41DF97D21804EB4006EABE9 /* ProfileTableViewCell.swift */; };
		A41DF98021804EB5006EABE9 /* ProfileTableViewCell.xib in Resources */ = {isa = PBXBuildFile; fileRef = A41DF97E21804EB4006EABE9 /* ProfileTableViewCell.xib */; };
		A41DF983218193D5006EABE9 /* FavoriteTableViewCell.swift in Sources */ = {isa = PBXBuildFile; fileRef = A41DF981218193D5006EABE9 /* FavoriteTableViewCell.swift */; };
		A41DF984218193D5006EABE9 /* FavoriteTableViewCell.xib in Resources */ = {isa = PBXBuildFile; fileRef = A41DF982218193D5006EABE9 /* FavoriteTableViewCell.xib */; };
		A428BC962176CCCE008BB7D3 /* Const.swift in Sources */ = {isa = PBXBuildFile; fileRef = A428BC952176CCCE008BB7D3 /* Const.swift */; };
		A46A87D92178AD710050369C /* CardModel.swift in Sources */ = {isa = PBXBuildFile; fileRef = A46A87D82178AD710050369C /* CardModel.swift */; };
		A46A87DC2178ADA60050369C /* SearchViewController.swift in Sources */ = {isa = PBXBuildFile; fileRef = A46A87DA2178ADA60050369C /* SearchViewController.swift */; };
		A46A87DD2178ADA60050369C /* SearchViewController.xib in Resources */ = {isa = PBXBuildFile; fileRef = A46A87DB2178ADA60050369C /* SearchViewController.xib */; };
		A46A87E02178ADE90050369C /* CardViewController.swift in Sources */ = {isa = PBXBuildFile; fileRef = A46A87DE2178ADE90050369C /* CardViewController.swift */; };
		A46A87E12178ADE90050369C /* CardViewController.xib in Resources */ = {isa = PBXBuildFile; fileRef = A46A87DF2178ADE90050369C /* CardViewController.xib */; };
		A46A87E42178AE0F0050369C /* KeywordSearchViewController.swift in Sources */ = {isa = PBXBuildFile; fileRef = A46A87E22178AE0F0050369C /* KeywordSearchViewController.swift */; };
		A46A87E52178AE0F0050369C /* KeywordSearchViewController.xib in Resources */ = {isa = PBXBuildFile; fileRef = A46A87E32178AE0F0050369C /* KeywordSearchViewController.xib */; };
		A46A87E82178AE440050369C /* MapSearchViewController.swift in Sources */ = {isa = PBXBuildFile; fileRef = A46A87E62178AE440050369C /* MapSearchViewController.swift */; };
		A46A87E92178AE440050369C /* MapSearchViewController.xib in Resources */ = {isa = PBXBuildFile; fileRef = A46A87E72178AE440050369C /* MapSearchViewController.xib */; };
		A46A87EC2178AE700050369C /* FavoriteViewController.swift in Sources */ = {isa = PBXBuildFile; fileRef = A46A87EA2178AE700050369C /* FavoriteViewController.swift */; };
		A46A87ED2178AE700050369C /* FavoriteViewController.xib in Resources */ = {isa = PBXBuildFile; fileRef = A46A87EB2178AE700050369C /* FavoriteViewController.xib */; };
		A46A87F02178AE8D0050369C /* InstitutionViewController.swift in Sources */ = {isa = PBXBuildFile; fileRef = A46A87EE2178AE8D0050369C /* InstitutionViewController.swift */; };
		A46A87F12178AE8D0050369C /* InstitutionViewController.xib in Resources */ = {isa = PBXBuildFile; fileRef = A46A87EF2178AE8D0050369C /* InstitutionViewController.xib */; };
		A46A87F42178AEB50050369C /* NotifyListViewController.swift in Sources */ = {isa = PBXBuildFile; fileRef = A46A87F22178AEB50050369C /* NotifyListViewController.swift */; };
		A46A87F52178AEB50050369C /* NotifyListViewController.xib in Resources */ = {isa = PBXBuildFile; fileRef = A46A87F32178AEB50050369C /* NotifyListViewController.xib */; };
		A46A87F82178AED20050369C /* NotifyDetailViewController.swift in Sources */ = {isa = PBXBuildFile; fileRef = A46A87F62178AED20050369C /* NotifyDetailViewController.swift */; };
		A46A87F92178AED20050369C /* NotifyDetailViewController.xib in Resources */ = {isa = PBXBuildFile; fileRef = A46A87F72178AED20050369C /* NotifyDetailViewController.xib */; };
		A46A87FC2178AEF30050369C /* ProfileViewController.swift in Sources */ = {isa = PBXBuildFile; fileRef = A46A87FA2178AEF30050369C /* ProfileViewController.swift */; };
		A46A87FD2178AEF30050369C /* ProfileViewController.xib in Resources */ = {isa = PBXBuildFile; fileRef = A46A87FB2178AEF30050369C /* ProfileViewController.xib */; };
		A46A88002178AF190050369C /* LoginViewController.swift in Sources */ = {isa = PBXBuildFile; fileRef = A46A87FE2178AF190050369C /* LoginViewController.swift */; };
		A46A88012178AF190050369C /* LoginViewController.xib in Resources */ = {isa = PBXBuildFile; fileRef = A46A87FF2178AF190050369C /* LoginViewController.xib */; };
		A46A88042178AF370050369C /* RegistViewController.swift in Sources */ = {isa = PBXBuildFile; fileRef = A46A88022178AF370050369C /* RegistViewController.swift */; };
		A46A88052178AF370050369C /* RegistViewController.xib in Resources */ = {isa = PBXBuildFile; fileRef = A46A88032178AF370050369C /* RegistViewController.xib */; };
		A46A88082178AF550050369C /* AuthViewController.swift in Sources */ = {isa = PBXBuildFile; fileRef = A46A88062178AF550050369C /* AuthViewController.swift */; };
		A46A88092178AF550050369C /* AuthViewController.xib in Resources */ = {isa = PBXBuildFile; fileRef = A46A88072178AF550050369C /* AuthViewController.xib */; };
		A491D32E21757180005610DC /* AppDelegate.swift in Sources */ = {isa = PBXBuildFile; fileRef = A491D32D21757180005610DC /* AppDelegate.swift */; };
		A491D33521757182005610DC /* Assets.xcassets in Resources */ = {isa = PBXBuildFile; fileRef = A491D33421757182005610DC /* Assets.xcassets */; };
		A491D33821757182005610DC /* LaunchScreen.storyboard in Resources */ = {isa = PBXBuildFile; fileRef = A491D33621757182005610DC /* LaunchScreen.storyboard */; };
/* End PBXBuildFile section */

/* Begin PBXFileReference section */
		5969DC3E98EB22053EDF5255 /* Pods-portal.debug.xcconfig */ = {isa = PBXFileReference; includeInIndex = 1; lastKnownFileType = text.xcconfig; name = "Pods-portal.debug.xcconfig"; path = "Pods/Target Support Files/Pods-portal/Pods-portal.debug.xcconfig"; sourceTree = "<group>"; };
		708E6240566961555B6CF5EF /* Pods_portal.framework */ = {isa = PBXFileReference; explicitFileType = wrapper.framework; includeInIndex = 0; path = Pods_portal.framework; sourceTree = BUILT_PRODUCTS_DIR; };
		A41DF96B217EAD7E006EABE9 /* TabBarViewController.swift */ = {isa = PBXFileReference; lastKnownFileType = sourcecode.swift; path = TabBarViewController.swift; sourceTree = "<group>"; };
		A41DF979218046F0006EABE9 /* SettingViewController.swift */ = {isa = PBXFileReference; lastKnownFileType = sourcecode.swift; path = SettingViewController.swift; sourceTree = "<group>"; };
		A41DF97A218046F0006EABE9 /* SettingViewController.xib */ = {isa = PBXFileReference; lastKnownFileType = file.xib; path = SettingViewController.xib; sourceTree = "<group>"; };
		A41DF97D21804EB4006EABE9 /* ProfileTableViewCell.swift */ = {isa = PBXFileReference; lastKnownFileType = sourcecode.swift; path = ProfileTableViewCell.swift; sourceTree = "<group>"; };
		A41DF97E21804EB4006EABE9 /* ProfileTableViewCell.xib */ = {isa = PBXFileReference; lastKnownFileType = file.xib; path = ProfileTableViewCell.xib; sourceTree = "<group>"; };
		A41DF981218193D5006EABE9 /* FavoriteTableViewCell.swift */ = {isa = PBXFileReference; lastKnownFileType = sourcecode.swift; path = FavoriteTableViewCell.swift; sourceTree = "<group>"; };
		A41DF982218193D5006EABE9 /* FavoriteTableViewCell.xib */ = {isa = PBXFileReference; lastKnownFileType = file.xib; path = FavoriteTableViewCell.xib; sourceTree = "<group>"; };
		A428BC952176CCCE008BB7D3 /* Const.swift */ = {isa = PBXFileReference; lastKnownFileType = sourcecode.swift; path = Const.swift; sourceTree = "<group>"; };
		A46A87D82178AD710050369C /* CardModel.swift */ = {isa = PBXFileReference; lastKnownFileType = sourcecode.swift; path = CardModel.swift; sourceTree = "<group>"; };
		A46A87DA2178ADA60050369C /* SearchViewController.swift */ = {isa = PBXFileReference; lastKnownFileType = sourcecode.swift; path = SearchViewController.swift; sourceTree = "<group>"; };
		A46A87DB2178ADA60050369C /* SearchViewController.xib */ = {isa = PBXFileReference; lastKnownFileType = file.xib; path = SearchViewController.xib; sourceTree = "<group>"; };
		A46A87DE2178ADE90050369C /* CardViewController.swift */ = {isa = PBXFileReference; lastKnownFileType = sourcecode.swift; path = CardViewController.swift; sourceTree = "<group>"; };
		A46A87DF2178ADE90050369C /* CardViewController.xib */ = {isa = PBXFileReference; lastKnownFileType = file.xib; path = CardViewController.xib; sourceTree = "<group>"; };
		A46A87E22178AE0F0050369C /* KeywordSearchViewController.swift */ = {isa = PBXFileReference; lastKnownFileType = sourcecode.swift; path = KeywordSearchViewController.swift; sourceTree = "<group>"; };
		A46A87E32178AE0F0050369C /* KeywordSearchViewController.xib */ = {isa = PBXFileReference; lastKnownFileType = file.xib; path = KeywordSearchViewController.xib; sourceTree = "<group>"; };
		A46A87E62178AE440050369C /* MapSearchViewController.swift */ = {isa = PBXFileReference; lastKnownFileType = sourcecode.swift; path = MapSearchViewController.swift; sourceTree = "<group>"; };
		A46A87E72178AE440050369C /* MapSearchViewController.xib */ = {isa = PBXFileReference; lastKnownFileType = file.xib; path = MapSearchViewController.xib; sourceTree = "<group>"; };
		A46A87EA2178AE700050369C /* FavoriteViewController.swift */ = {isa = PBXFileReference; lastKnownFileType = sourcecode.swift; path = FavoriteViewController.swift; sourceTree = "<group>"; };
		A46A87EB2178AE700050369C /* FavoriteViewController.xib */ = {isa = PBXFileReference; lastKnownFileType = file.xib; path = FavoriteViewController.xib; sourceTree = "<group>"; };
		A46A87EE2178AE8D0050369C /* InstitutionViewController.swift */ = {isa = PBXFileReference; lastKnownFileType = sourcecode.swift; path = InstitutionViewController.swift; sourceTree = "<group>"; };
		A46A87EF2178AE8D0050369C /* InstitutionViewController.xib */ = {isa = PBXFileReference; lastKnownFileType = file.xib; path = InstitutionViewController.xib; sourceTree = "<group>"; };
		A46A87F22178AEB50050369C /* NotifyListViewController.swift */ = {isa = PBXFileReference; lastKnownFileType = sourcecode.swift; path = NotifyListViewController.swift; sourceTree = "<group>"; };
		A46A87F32178AEB50050369C /* NotifyListViewController.xib */ = {isa = PBXFileReference; lastKnownFileType = file.xib; path = NotifyListViewController.xib; sourceTree = "<group>"; };
		A46A87F62178AED20050369C /* NotifyDetailViewController.swift */ = {isa = PBXFileReference; lastKnownFileType = sourcecode.swift; path = NotifyDetailViewController.swift; sourceTree = "<group>"; };
		A46A87F72178AED20050369C /* NotifyDetailViewController.xib */ = {isa = PBXFileReference; lastKnownFileType = file.xib; path = NotifyDetailViewController.xib; sourceTree = "<group>"; };
		A46A87FA2178AEF30050369C /* ProfileViewController.swift */ = {isa = PBXFileReference; lastKnownFileType = sourcecode.swift; path = ProfileViewController.swift; sourceTree = "<group>"; };
		A46A87FB2178AEF30050369C /* ProfileViewController.xib */ = {isa = PBXFileReference; lastKnownFileType = file.xib; path = ProfileViewController.xib; sourceTree = "<group>"; };
		A46A87FE2178AF190050369C /* LoginViewController.swift */ = {isa = PBXFileReference; lastKnownFileType = sourcecode.swift; path = LoginViewController.swift; sourceTree = "<group>"; };
		A46A87FF2178AF190050369C /* LoginViewController.xib */ = {isa = PBXFileReference; lastKnownFileType = file.xib; path = LoginViewController.xib; sourceTree = "<group>"; };
		A46A88022178AF370050369C /* RegistViewController.swift */ = {isa = PBXFileReference; lastKnownFileType = sourcecode.swift; path = RegistViewController.swift; sourceTree = "<group>"; };
		A46A88032178AF370050369C /* RegistViewController.xib */ = {isa = PBXFileReference; lastKnownFileType = file.xib; path = RegistViewController.xib; sourceTree = "<group>"; };
		A46A88062178AF550050369C /* AuthViewController.swift */ = {isa = PBXFileReference; lastKnownFileType = sourcecode.swift; path = AuthViewController.swift; sourceTree = "<group>"; };
		A46A88072178AF550050369C /* AuthViewController.xib */ = {isa = PBXFileReference; lastKnownFileType = file.xib; path = AuthViewController.xib; sourceTree = "<group>"; };
		A491D32A21757180005610DC /* portal.app */ = {isa = PBXFileReference; explicitFileType = wrapper.application; includeInIndex = 0; path = portal.app; sourceTree = BUILT_PRODUCTS_DIR; };
		A491D32D21757180005610DC /* AppDelegate.swift */ = {isa = PBXFileReference; lastKnownFileType = sourcecode.swift; path = AppDelegate.swift; sourceTree = "<group>"; };
		A491D33421757182005610DC /* Assets.xcassets */ = {isa = PBXFileReference; lastKnownFileType = folder.assetcatalog; path = Assets.xcassets; sourceTree = "<group>"; };
		A491D33721757182005610DC /* Base */ = {isa = PBXFileReference; lastKnownFileType = file.storyboard; name = Base; path = Base.lproj/LaunchScreen.storyboard; sourceTree = "<group>"; };
		A491D33921757182005610DC /* Info.plist */ = {isa = PBXFileReference; lastKnownFileType = text.plist.xml; path = Info.plist; sourceTree = "<group>"; };
		C5E0BD01F558F5B1DDFEEA60 /* Pods-portal.release.xcconfig */ = {isa = PBXFileReference; includeInIndex = 1; lastKnownFileType = text.xcconfig; name = "Pods-portal.release.xcconfig"; path = "Pods/Target Support Files/Pods-portal/Pods-portal.release.xcconfig"; sourceTree = "<group>"; };
/* End PBXFileReference section */

/* Begin PBXFrameworksBuildPhase section */
		A491D32721757180005610DC /* Frameworks */ = {
			isa = PBXFrameworksBuildPhase;
			buildActionMask = 2147483647;
			files = (
				3BAEB7FD299C256453887375 /* Pods_portal.framework in Frameworks */,
			);
			runOnlyForDeploymentPostprocessing = 0;
		};
/* End PBXFrameworksBuildPhase section */

/* Begin PBXGroup section */
		37305E9FC562697E7DC1FDF6 /* Pods */ = {
			isa = PBXGroup;
			children = (
				5969DC3E98EB22053EDF5255 /* Pods-portal.debug.xcconfig */,
				C5E0BD01F558F5B1DDFEEA60 /* Pods-portal.release.xcconfig */,
			);
			name = Pods;
			sourceTree = "<group>";
		};
		A46A87D42178A4040050369C /* Views */ = {
			isa = PBXGroup;
			children = (
				A46A88032178AF370050369C /* RegistViewController.xib */,
				A46A87FF2178AF190050369C /* LoginViewController.xib */,
				A46A88072178AF550050369C /* AuthViewController.xib */,
				A46A87E32178AE0F0050369C /* KeywordSearchViewController.xib */,
				A46A87E72178AE440050369C /* MapSearchViewController.xib */,
				A46A87EF2178AE8D0050369C /* InstitutionViewController.xib */,
				A46A87FB2178AEF30050369C /* ProfileViewController.xib */,
				A41DF97E21804EB4006EABE9 /* ProfileTableViewCell.xib */,
				A46A87F32178AEB50050369C /* NotifyListViewController.xib */,
				A46A87F72178AED20050369C /* NotifyDetailViewController.xib */,
				A46A87EB2178AE700050369C /* FavoriteViewController.xib */,
				A41DF982218193D5006EABE9 /* FavoriteTableViewCell.xib */,
				A46A87DF2178ADE90050369C /* CardViewController.xib */,
				A46A87DB2178ADA60050369C /* SearchViewController.xib */,
				A41DF97A218046F0006EABE9 /* SettingViewController.xib */,
				A491D33621757182005610DC /* LaunchScreen.storyboard */,
			);
			path = Views;
			sourceTree = "<group>";
		};
		A46A87D52178A42A0050369C /* Controllers */ = {
			isa = PBXGroup;
			children = (
				A41DF96B217EAD7E006EABE9 /* TabBarViewController.swift */,
				A46A88022178AF370050369C /* RegistViewController.swift */,
				A46A87FE2178AF190050369C /* LoginViewController.swift */,
				A46A88062178AF550050369C /* AuthViewController.swift */,
				A46A87E22178AE0F0050369C /* KeywordSearchViewController.swift */,
				A46A87DA2178ADA60050369C /* SearchViewController.swift */,
				A46A87EE2178AE8D0050369C /* InstitutionViewController.swift */,
				A46A87DE2178ADE90050369C /* CardViewController.swift */,
				A46A87E62178AE440050369C /* MapSearchViewController.swift */,
				A46A87EA2178AE700050369C /* FavoriteViewController.swift */,
				A41DF981218193D5006EABE9 /* FavoriteTableViewCell.swift */,
				A46A87F22178AEB50050369C /* NotifyListViewController.swift */,
				A46A87F62178AED20050369C /* NotifyDetailViewController.swift */,
				A46A87FA2178AEF30050369C /* ProfileViewController.swift */,
				A41DF97D21804EB4006EABE9 /* ProfileTableViewCell.swift */,
				A41DF979218046F0006EABE9 /* SettingViewController.swift */,
			);
			path = Controllers;
			sourceTree = "<group>";
		};
		A46A87D62178A44D0050369C /* Models */ = {
			isa = PBXGroup;
			children = (
				A46A87D82178AD710050369C /* CardModel.swift */,
			);
			path = Models;
			sourceTree = "<group>";
		};
		A46A87D72178A4790050369C /* Resources */ = {
			isa = PBXGroup;
			children = (
				A491D33421757182005610DC /* Assets.xcassets */,
			);
			path = Resources;
			sourceTree = "<group>";
		};
		A46A880A2178AF890050369C /* Configs */ = {
			isa = PBXGroup;
			children = (
				A428BC952176CCCE008BB7D3 /* Const.swift */,
			);
			path = Configs;
			sourceTree = "<group>";
		};
		A491D32121757180005610DC = {
			isa = PBXGroup;
			children = (
				A491D32C21757180005610DC /* portal */,
				A491D32B21757180005610DC /* Products */,
				37305E9FC562697E7DC1FDF6 /* Pods */,
				D43CB32408D0BEC095E9F0A4 /* Frameworks */,
			);
			sourceTree = "<group>";
		};
		A491D32B21757180005610DC /* Products */ = {
			isa = PBXGroup;
			children = (
				A491D32A21757180005610DC /* portal.app */,
			);
			name = Products;
			sourceTree = "<group>";
		};
		A491D32C21757180005610DC /* portal */ = {
			isa = PBXGroup;
			children = (
				A46A880A2178AF890050369C /* Configs */,
				A46A87D72178A4790050369C /* Resources */,
				A46A87D62178A44D0050369C /* Models */,
				A46A87D52178A42A0050369C /* Controllers */,
				A46A87D42178A4040050369C /* Views */,
				A491D32D21757180005610DC /* AppDelegate.swift */,
				A491D33921757182005610DC /* Info.plist */,
			);
			path = portal;
			sourceTree = "<group>";
		};
		D43CB32408D0BEC095E9F0A4 /* Frameworks */ = {
			isa = PBXGroup;
			children = (
				708E6240566961555B6CF5EF /* Pods_portal.framework */,
			);
			name = Frameworks;
			sourceTree = "<group>";
		};
/* End PBXGroup section */

/* Begin PBXNativeTarget section */
		A491D32921757180005610DC /* portal */ = {
			isa = PBXNativeTarget;
			buildConfigurationList = A491D33C21757182005610DC /* Build configuration list for PBXNativeTarget "portal" */;
			buildPhases = (
				3A66D23C9F2B6F7EB2E56066 /* [CP] Check Pods Manifest.lock */,
				A491D32621757180005610DC /* Sources */,
				A491D32721757180005610DC /* Frameworks */,
				A491D32821757180005610DC /* Resources */,
				A490A73B074D3BB114CF8B53 /* [CP] Embed Pods Frameworks */,
			);
			buildRules = (
			);
			dependencies = (
			);
			name = portal;
			productName = portal;
			productReference = A491D32A21757180005610DC /* portal.app */;
			productType = "com.apple.product-type.application";
		};
/* End PBXNativeTarget section */

/* Begin PBXProject section */
		A491D32221757180005610DC /* Project object */ = {
			isa = PBXProject;
			attributes = {
				LastSwiftUpdateCheck = 1000;
				LastUpgradeCheck = 1000;
				ORGANIZATIONNAME = "藤田和磨";
				TargetAttributes = {
					A491D32921757180005610DC = {
						CreatedOnToolsVersion = 10.0;
					};
				};
			};
			buildConfigurationList = A491D32521757180005610DC /* Build configuration list for PBXProject "portal" */;
			compatibilityVersion = "Xcode 9.3";
			developmentRegion = en;
			hasScannedForEncodings = 0;
			knownRegions = (
				en,
				Base,
			);
			mainGroup = A491D32121757180005610DC;
			productRefGroup = A491D32B21757180005610DC /* Products */;
			projectDirPath = "";
			projectRoot = "";
			targets = (
				A491D32921757180005610DC /* portal */,
			);
		};
/* End PBXProject section */

/* Begin PBXResourcesBuildPhase section */
		A491D32821757180005610DC /* Resources */ = {
			isa = PBXResourcesBuildPhase;
			buildActionMask = 2147483647;
			files = (
				A491D33821757182005610DC /* LaunchScreen.storyboard in Resources */,
				A41DF98021804EB5006EABE9 /* ProfileTableViewCell.xib in Resources */,
				A491D33521757182005610DC /* Assets.xcassets in Resources */,
				A46A87ED2178AE700050369C /* FavoriteViewController.xib in Resources */,
				A46A87E92178AE440050369C /* MapSearchViewController.xib in Resources */,
				A46A88052178AF370050369C /* RegistViewController.xib in Resources */,
				A46A87E52178AE0F0050369C /* KeywordSearchViewController.xib in Resources */,
				A46A87DD2178ADA60050369C /* SearchViewController.xib in Resources */,
				A41DF97C218046F0006EABE9 /* SettingViewController.xib in Resources */,
				A46A88092178AF550050369C /* AuthViewController.xib in Resources */,
				A46A87FD2178AEF30050369C /* ProfileViewController.xib in Resources */,
				A46A87E12178ADE90050369C /* CardViewController.xib in Resources */,
				A41DF984218193D5006EABE9 /* FavoriteTableViewCell.xib in Resources */,
				A46A87F52178AEB50050369C /* NotifyListViewController.xib in Resources */,
				A46A88012178AF190050369C /* LoginViewController.xib in Resources */,
				A46A87F12178AE8D0050369C /* InstitutionViewController.xib in Resources */,
				A46A87F92178AED20050369C /* NotifyDetailViewController.xib in Resources */,
			);
			runOnlyForDeploymentPostprocessing = 0;
		};
/* End PBXResourcesBuildPhase section */

/* Begin PBXShellScriptBuildPhase section */
		3A66D23C9F2B6F7EB2E56066 /* [CP] Check Pods Manifest.lock */ = {
			isa = PBXShellScriptBuildPhase;
			buildActionMask = 2147483647;
			files = (
			);
			inputPaths = (
				"${PODS_PODFILE_DIR_PATH}/Podfile.lock",
				"${PODS_ROOT}/Manifest.lock",
			);
			name = "[CP] Check Pods Manifest.lock";
			outputPaths = (
				"$(DERIVED_FILE_DIR)/Pods-portal-checkManifestLockResult.txt",
			);
			runOnlyForDeploymentPostprocessing = 0;
			shellPath = /bin/sh;
			shellScript = "diff \"${PODS_PODFILE_DIR_PATH}/Podfile.lock\" \"${PODS_ROOT}/Manifest.lock\" > /dev/null\nif [ $? != 0 ] ; then\n    # print error to STDERR\n    echo \"error: The sandbox is not in sync with the Podfile.lock. Run 'pod install' or update your CocoaPods installation.\" >&2\n    exit 1\nfi\n# This output is used by Xcode 'outputs' to avoid re-running this script phase.\necho \"SUCCESS\" > \"${SCRIPT_OUTPUT_FILE_0}\"\n";
			showEnvVarsInLog = 0;
		};
		A490A73B074D3BB114CF8B53 /* [CP] Embed Pods Frameworks */ = {
			isa = PBXShellScriptBuildPhase;
			buildActionMask = 2147483647;
			files = (
			);
			inputPaths = (
				"${SRCROOT}/Pods/Target Support Files/Pods-portal/Pods-portal-frameworks.sh",
				"${BUILT_PRODUCTS_DIR}/Alamofire/Alamofire.framework",
				"${BUILT_PRODUCTS_DIR}/MDFInternationalization/MDFInternationalization.framework",
				"${BUILT_PRODUCTS_DIR}/MDFTextAccessibility/MDFTextAccessibility.framework",
				"${BUILT_PRODUCTS_DIR}/MaterialComponents/MaterialComponents.framework",
				"${BUILT_PRODUCTS_DIR}/MotionAnimator/MotionAnimator.framework",
				"${BUILT_PRODUCTS_DIR}/MotionInterchange/MotionInterchange.framework",
				"${BUILT_PRODUCTS_DIR}/MotionTransitioning/MotionTransitioning.framework",
			);
			name = "[CP] Embed Pods Frameworks";
			outputPaths = (
				"${TARGET_BUILD_DIR}/${FRAMEWORKS_FOLDER_PATH}/Alamofire.framework",
				"${TARGET_BUILD_DIR}/${FRAMEWORKS_FOLDER_PATH}/MDFInternationalization.framework",
				"${TARGET_BUILD_DIR}/${FRAMEWORKS_FOLDER_PATH}/MDFTextAccessibility.framework",
				"${TARGET_BUILD_DIR}/${FRAMEWORKS_FOLDER_PATH}/MaterialComponents.framework",
				"${TARGET_BUILD_DIR}/${FRAMEWORKS_FOLDER_PATH}/MotionAnimator.framework",
				"${TARGET_BUILD_DIR}/${FRAMEWORKS_FOLDER_PATH}/MotionInterchange.framework",
				"${TARGET_BUILD_DIR}/${FRAMEWORKS_FOLDER_PATH}/MotionTransitioning.framework",
			);
			runOnlyForDeploymentPostprocessing = 0;
			shellPath = /bin/sh;
			shellScript = "\"${SRCROOT}/Pods/Target Support Files/Pods-portal/Pods-portal-frameworks.sh\"\n";
			showEnvVarsInLog = 0;
		};
/* End PBXShellScriptBuildPhase section */

/* Begin PBXSourcesBuildPhase section */
		A491D32621757180005610DC /* Sources */ = {
			isa = PBXSourcesBuildPhase;
			buildActionMask = 2147483647;
			files = (
				A491D32E21757180005610DC /* AppDelegate.swift in Sources */,
				A46A87E82178AE440050369C /* MapSearchViewController.swift in Sources */,
				A46A87DC2178ADA60050369C /* SearchViewController.swift in Sources */,
				A41DF983218193D5006EABE9 /* FavoriteTableViewCell.swift in Sources */,
				A41DF97F21804EB5006EABE9 /* ProfileTableViewCell.swift in Sources */,
				A46A87FC2178AEF30050369C /* ProfileViewController.swift in Sources */,
				A46A88082178AF550050369C /* AuthViewController.swift in Sources */,
				A41DF97B218046F0006EABE9 /* SettingViewController.swift in Sources */,
				A46A88042178AF370050369C /* RegistViewController.swift in Sources */,
				A46A87D92178AD710050369C /* CardModel.swift in Sources */,
				A46A87EC2178AE700050369C /* FavoriteViewController.swift in Sources */,
				A41DF96C217EAD7E006EABE9 /* TabBarViewController.swift in Sources */,
				A46A88002178AF190050369C /* LoginViewController.swift in Sources */,
				A46A87F82178AED20050369C /* NotifyDetailViewController.swift in Sources */,
				A46A87E02178ADE90050369C /* CardViewController.swift in Sources */,
				A46A87F42178AEB50050369C /* NotifyListViewController.swift in Sources */,
				A46A87E42178AE0F0050369C /* KeywordSearchViewController.swift in Sources */,
				A428BC962176CCCE008BB7D3 /* Const.swift in Sources */,
				A46A87F02178AE8D0050369C /* InstitutionViewController.swift in Sources */,
			);
			runOnlyForDeploymentPostprocessing = 0;
		};
/* End PBXSourcesBuildPhase section */

/* Begin PBXVariantGroup section */
		A491D33621757182005610DC /* LaunchScreen.storyboard */ = {
			isa = PBXVariantGroup;
			children = (
				A491D33721757182005610DC /* Base */,
			);
			name = LaunchScreen.storyboard;
			sourceTree = "<group>";
		};
/* End PBXVariantGroup section */

/* Begin XCBuildConfiguration section */
		A491D33A21757182005610DC /* Debug */ = {
			isa = XCBuildConfiguration;
			buildSettings = {
				ALWAYS_SEARCH_USER_PATHS = NO;
				CLANG_ANALYZER_NONNULL = YES;
				CLANG_ANALYZER_NUMBER_OBJECT_CONVERSION = YES_AGGRESSIVE;
				CLANG_CXX_LANGUAGE_STANDARD = "gnu++14";
				CLANG_CXX_LIBRARY = "libc++";
				CLANG_ENABLE_MODULES = YES;
				CLANG_ENABLE_OBJC_ARC = YES;
				CLANG_ENABLE_OBJC_WEAK = YES;
				CLANG_WARN_BLOCK_CAPTURE_AUTORELEASING = YES;
				CLANG_WARN_BOOL_CONVERSION = YES;
				CLANG_WARN_COMMA = YES;
				CLANG_WARN_CONSTANT_CONVERSION = YES;
				CLANG_WARN_DEPRECATED_OBJC_IMPLEMENTATIONS = YES;
				CLANG_WARN_DIRECT_OBJC_ISA_USAGE = YES_ERROR;
				CLANG_WARN_DOCUMENTATION_COMMENTS = YES;
				CLANG_WARN_EMPTY_BODY = YES;
				CLANG_WARN_ENUM_CONVERSION = YES;
				CLANG_WARN_INFINITE_RECURSION = YES;
				CLANG_WARN_INT_CONVERSION = YES;
				CLANG_WARN_NON_LITERAL_NULL_CONVERSION = YES;
				CLANG_WARN_OBJC_IMPLICIT_RETAIN_SELF = YES;
				CLANG_WARN_OBJC_LITERAL_CONVERSION = YES;
				CLANG_WARN_OBJC_ROOT_CLASS = YES_ERROR;
				CLANG_WARN_RANGE_LOOP_ANALYSIS = YES;
				CLANG_WARN_STRICT_PROTOTYPES = YES;
				CLANG_WARN_SUSPICIOUS_MOVE = YES;
				CLANG_WARN_UNGUARDED_AVAILABILITY = YES_AGGRESSIVE;
				CLANG_WARN_UNREACHABLE_CODE = YES;
				CLANG_WARN__DUPLICATE_METHOD_MATCH = YES;
				CODE_SIGN_IDENTITY = "iPhone Developer";
				COPY_PHASE_STRIP = NO;
				DEBUG_INFORMATION_FORMAT = dwarf;
				ENABLE_STRICT_OBJC_MSGSEND = YES;
				ENABLE_TESTABILITY = YES;
				GCC_C_LANGUAGE_STANDARD = gnu11;
				GCC_DYNAMIC_NO_PIC = NO;
				GCC_NO_COMMON_BLOCKS = YES;
				GCC_OPTIMIZATION_LEVEL = 0;
				GCC_PREPROCESSOR_DEFINITIONS = (
					"DEBUG=1",
					"$(inherited)",
				);
				GCC_WARN_64_TO_32_BIT_CONVERSION = YES;
				GCC_WARN_ABOUT_RETURN_TYPE = YES_ERROR;
				GCC_WARN_UNDECLARED_SELECTOR = YES;
				GCC_WARN_UNINITIALIZED_AUTOS = YES_AGGRESSIVE;
				GCC_WARN_UNUSED_FUNCTION = YES;
				GCC_WARN_UNUSED_VARIABLE = YES;
				IPHONEOS_DEPLOYMENT_TARGET = 12.0;
				MTL_ENABLE_DEBUG_INFO = INCLUDE_SOURCE;
				MTL_FAST_MATH = YES;
				ONLY_ACTIVE_ARCH = YES;
				SDKROOT = iphoneos;
				SWIFT_ACTIVE_COMPILATION_CONDITIONS = DEBUG;
				SWIFT_OPTIMIZATION_LEVEL = "-Onone";
			};
			name = Debug;
		};
		A491D33B21757182005610DC /* Release */ = {
			isa = XCBuildConfiguration;
			buildSettings = {
				ALWAYS_SEARCH_USER_PATHS = NO;
				CLANG_ANALYZER_NONNULL = YES;
				CLANG_ANALYZER_NUMBER_OBJECT_CONVERSION = YES_AGGRESSIVE;
				CLANG_CXX_LANGUAGE_STANDARD = "gnu++14";
				CLANG_CXX_LIBRARY = "libc++";
				CLANG_ENABLE_MODULES = YES;
				CLANG_ENABLE_OBJC_ARC = YES;
				CLANG_ENABLE_OBJC_WEAK = YES;
				CLANG_WARN_BLOCK_CAPTURE_AUTORELEASING = YES;
				CLANG_WARN_BOOL_CONVERSION = YES;
				CLANG_WARN_COMMA = YES;
				CLANG_WARN_CONSTANT_CONVERSION = YES;
				CLANG_WARN_DEPRECATED_OBJC_IMPLEMENTATIONS = YES;
				CLANG_WARN_DIRECT_OBJC_ISA_USAGE = YES_ERROR;
				CLANG_WARN_DOCUMENTATION_COMMENTS = YES;
				CLANG_WARN_EMPTY_BODY = YES;
				CLANG_WARN_ENUM_CONVERSION = YES;
				CLANG_WARN_INFINITE_RECURSION = YES;
				CLANG_WARN_INT_CONVERSION = YES;
				CLANG_WARN_NON_LITERAL_NULL_CONVERSION = YES;
				CLANG_WARN_OBJC_IMPLICIT_RETAIN_SELF = YES;
				CLANG_WARN_OBJC_LITERAL_CONVERSION = YES;
				CLANG_WARN_OBJC_ROOT_CLASS = YES_ERROR;
				CLANG_WARN_RANGE_LOOP_ANALYSIS = YES;
				CLANG_WARN_STRICT_PROTOTYPES = YES;
				CLANG_WARN_SUSPICIOUS_MOVE = YES;
				CLANG_WARN_UNGUARDED_AVAILABILITY = YES_AGGRESSIVE;
				CLANG_WARN_UNREACHABLE_CODE = YES;
				CLANG_WARN__DUPLICATE_METHOD_MATCH = YES;
				CODE_SIGN_IDENTITY = "iPhone Developer";
				COPY_PHASE_STRIP = NO;
				DEBUG_INFORMATION_FORMAT = "dwarf-with-dsym";
				ENABLE_NS_ASSERTIONS = NO;
				ENABLE_STRICT_OBJC_MSGSEND = YES;
				GCC_C_LANGUAGE_STANDARD = gnu11;
				GCC_NO_COMMON_BLOCKS = YES;
				GCC_WARN_64_TO_32_BIT_CONVERSION = YES;
				GCC_WARN_ABOUT_RETURN_TYPE = YES_ERROR;
				GCC_WARN_UNDECLARED_SELECTOR = YES;
				GCC_WARN_UNINITIALIZED_AUTOS = YES_AGGRESSIVE;
				GCC_WARN_UNUSED_FUNCTION = YES;
				GCC_WARN_UNUSED_VARIABLE = YES;
				IPHONEOS_DEPLOYMENT_TARGET = 12.0;
				MTL_ENABLE_DEBUG_INFO = NO;
				MTL_FAST_MATH = YES;
				SDKROOT = iphoneos;
				SWIFT_COMPILATION_MODE = wholemodule;
				SWIFT_OPTIMIZATION_LEVEL = "-O";
				VALIDATE_PRODUCT = YES;
			};
			name = Release;
		};
		A491D33D21757182005610DC /* Debug */ = {
			isa = XCBuildConfiguration;
			baseConfigurationReference = 5969DC3E98EB22053EDF5255 /* Pods-portal.debug.xcconfig */;
			buildSettings = {
				ASSETCATALOG_COMPILER_APPICON_NAME = AppIcon;
				CODE_SIGN_STYLE = Automatic;
				DEVELOPMENT_TEAM = WK7LW3JQ6K;
				INFOPLIST_FILE = portal/Info.plist;
				LD_RUNPATH_SEARCH_PATHS = (
					"$(inherited)",
					"@executable_path/Frameworks",
				);
				PRODUCT_BUNDLE_IDENTIFIER = jp.techacademy.kazuma.fujita.portal;
				PRODUCT_NAME = "$(TARGET_NAME)";
				SWIFT_VERSION = 4.2;
				TARGETED_DEVICE_FAMILY = "1,2";
			};
			name = Debug;
		};
		A491D33E21757182005610DC /* Release */ = {
			isa = XCBuildConfiguration;
			baseConfigurationReference = C5E0BD01F558F5B1DDFEEA60 /* Pods-portal.release.xcconfig */;
			buildSettings = {
				ASSETCATALOG_COMPILER_APPICON_NAME = AppIcon;
				CODE_SIGN_STYLE = Automatic;
				DEVELOPMENT_TEAM = WK7LW3JQ6K;
				INFOPLIST_FILE = portal/Info.plist;
				LD_RUNPATH_SEARCH_PATHS = (
					"$(inherited)",
					"@executable_path/Frameworks",
				);
				PRODUCT_BUNDLE_IDENTIFIER = jp.techacademy.kazuma.fujita.portal;
				PRODUCT_NAME = "$(TARGET_NAME)";
				SWIFT_VERSION = 4.2;
				TARGETED_DEVICE_FAMILY = "1,2";
			};
			name = Release;
		};
/* End XCBuildConfiguration section */

/* Begin XCConfigurationList section */
		A491D32521757180005610DC /* Build configuration list for PBXProject "portal" */ = {
			isa = XCConfigurationList;
			buildConfigurations = (
				A491D33A21757182005610DC /* Debug */,
				A491D33B21757182005610DC /* Release */,
			);
			defaultConfigurationIsVisible = 0;
			defaultConfigurationName = Release;
		};
		A491D33C21757182005610DC /* Build configuration list for PBXNativeTarget "portal" */ = {
			isa = XCConfigurationList;
			buildConfigurations = (
				A491D33D21757182005610DC /* Debug */,
				A491D33E21757182005610DC /* Release */,
			);
			defaultConfigurationIsVisible = 0;
			defaultConfigurationName = Release;
		};
/* End XCConfigurationList section */
	};
	rootObject = A491D32221757180005610DC /* Project object */;
}
